{
    "version": 3,
    "terraform_version": "0.11.7",
    "serial": 12,
    "lineage": "f643d529-3bbe-4dd2-a6a8-1ee9b30233e0",
    "modules": [
        {
            "path": [
                "root"
            ],
            "outputs": {},
            "resources": {
                "aws_instance.EC2": {
                    "type": "aws_instance",
                    "depends_on": [
                        "aws_security_group.default"
                    ],
                    "primary": {
                        "id": "i-036b986618ebb78e6",
                        "attributes": {
                            "ami": "ami-f90a4880",
                            "associate_public_ip_address": "true",
                            "availability_zone": "eu-west-1a",
                            "disable_api_termination": "false",
                            "ebs_block_device.#": "0",
                            "ebs_optimized": "false",
                            "ephemeral_block_device.#": "0",
                            "get_password_data": "false",
                            "iam_instance_profile": "",
                            "id": "i-036b986618ebb78e6",
                            "instance_state": "running",
                            "instance_type": "t2.micro",
                            "ipv6_addresses.#": "0",
                            "key_name": "Terraform_Key",
                            "monitoring": "false",
                            "network_interface.#": "0",
                            "network_interface_id": "eni-d56148e7",
                            "password_data": "",
                            "placement_group": "",
                            "primary_network_interface_id": "eni-d56148e7",
                            "private_dns": "ip-172-31-26-115.eu-west-1.compute.internal",
                            "private_ip": "172.31.26.115",
                            "public_dns": "ec2-34-242-192-169.eu-west-1.compute.amazonaws.com",
                            "public_ip": "34.242.192.169",
                            "root_block_device.#": "1",
                            "root_block_device.0.delete_on_termination": "true",
                            "root_block_device.0.iops": "100",
                            "root_block_device.0.volume_id": "vol-0f2546b2bd3203ac2",
                            "root_block_device.0.volume_size": "8",
                            "root_block_device.0.volume_type": "gp2",
                            "security_groups.#": "1",
                            "security_groups.1594582590": "terraform_security_group",
                            "source_dest_check": "true",
                            "subnet_id": "subnet-f69d1cbf",
                            "tags.%": "1",
                            "tags.Name": "Lab15",
                            "tenancy": "default",
                            "volume_tags.%": "0",
                            "vpc_security_group_ids.#": "1",
                            "vpc_security_group_ids.3216424476": "sg-3c549141"
                        },
                        "meta": {
                            "e2bfb730-ecaa-11e6-8f88-34363bc7c4c0": {
                                "create": 600000000000,
                                "delete": 1200000000000,
                                "update": 600000000000
                            },
                            "schema_version": "1"
                        },
                        "tainted": true
                    },
                    "deposed": [],
                    "provider": "provider.aws"
                },
                "aws_key_pair.auth": {
                    "type": "aws_key_pair",
                    "depends_on": [],
                    "primary": {
                        "id": "Terraform_Key",
                        "attributes": {
                            "id": "Terraform_Key",
                            "key_name": "Terraform_Key",
                            "public_key": "ssh-rsa AAAAB3NzaC1yc2EAAAADAQABAAABAQCirOvXWgYgfvCYXKETsFu+mDCEiLDNIbq0LQvs7QatFt/DDF4K4heK4LdEfRLWCpMl+yeqMDg+TGhWjtIwLh9F/3QxZpCqfm8HWdq3rENVsBCqjF6oBUWfsExP8szxRX0W2BVWL/KGzxSLcRotCDiBPx/I95QuO/Y7tCbvyHAyOLT7Dg/jHVT2IVR2SR9Q6fi1YmROugsDmjFGD5tHTDDeqBRULVD0j1G11YI4KoeQWDUS6I4668Fnt/l8yA4ouCYs5iC6ChqgqGed05tzyBfmJjh7CwXfbwtsexX71CKF/rmwnUDfORF4Qw5Q4KJK6NKgtTP8NxnQtD29k/ybCWt5 research@RR0040.home"
                        },
                        "meta": {
                            "schema_version": "1"
                        },
                        "tainted": false
                    },
                    "deposed": [],
                    "provider": "provider.aws"
                },
                "aws_security_group.default": {
                    "type": "aws_security_group",
                    "depends_on": [],
                    "primary": {
                        "id": "sg-3c549141",
                        "attributes": {
                            "arn": "arn:aws:ec2:eu-west-1:585447711137:security-group/sg-3c549141",
                            "description": "Used in the terraform",
                            "egress.#": "1",
                            "egress.482069346.cidr_blocks.#": "1",
                            "egress.482069346.cidr_blocks.0": "0.0.0.0/0",
                            "egress.482069346.description": "",
                            "egress.482069346.from_port": "0",
                            "egress.482069346.ipv6_cidr_blocks.#": "0",
                            "egress.482069346.prefix_list_ids.#": "0",
                            "egress.482069346.protocol": "-1",
                            "egress.482069346.security_groups.#": "0",
                            "egress.482069346.self": "false",
                            "egress.482069346.to_port": "0",
                            "id": "sg-3c549141",
                            "ingress.#": "2",
                            "ingress.2214680975.cidr_blocks.#": "1",
                            "ingress.2214680975.cidr_blocks.0": "0.0.0.0/0",
                            "ingress.2214680975.description": "",
                            "ingress.2214680975.from_port": "80",
                            "ingress.2214680975.ipv6_cidr_blocks.#": "0",
                            "ingress.2214680975.protocol": "tcp",
                            "ingress.2214680975.security_groups.#": "0",
                            "ingress.2214680975.self": "false",
                            "ingress.2214680975.to_port": "80",
                            "ingress.2541437006.cidr_blocks.#": "1",
                            "ingress.2541437006.cidr_blocks.0": "0.0.0.0/0",
                            "ingress.2541437006.description": "",
                            "ingress.2541437006.from_port": "22",
                            "ingress.2541437006.ipv6_cidr_blocks.#": "0",
                            "ingress.2541437006.protocol": "tcp",
                            "ingress.2541437006.security_groups.#": "0",
                            "ingress.2541437006.self": "false",
                            "ingress.2541437006.to_port": "22",
                            "name": "terraform_security_group",
                            "owner_id": "585447711137",
                            "revoke_rules_on_delete": "false",
                            "tags.%": "0",
                            "vpc_id": "vpc-05d05662"
                        },
                        "meta": {
                            "e2bfb730-ecaa-11e6-8f88-34363bc7c4c0": {
                                "create": 600000000000,
                                "delete": 600000000000
                            },
                            "schema_version": "1"
                        },
                        "tainted": false
                    },
                    "deposed": [],
                    "provider": "provider.aws"
                }
            },
            "depends_on": []
        }
    ]
}
