{
    "version": 3,
    "terraform_version": "0.11.7",
    "serial": 15,
    "lineage": "f643d529-3bbe-4dd2-a6a8-1ee9b30233e0",
    "modules": [
        {
            "path": [
                "root"
            ],
            "outputs": {},
            "resources": {
                "aws_instance.EC2": {
                    "type": "aws_instance",
                    "depends_on": [
                        "aws_security_group.default"
                    ],
                    "primary": {
                        "id": "i-08274feec59603b45",
                        "attributes": {
                            "ami": "ami-f90a4880",
                            "associate_public_ip_address": "true",
                            "availability_zone": "eu-west-1a",
                            "credit_specification.#": "1",
                            "credit_specification.0.cpu_credits": "standard",
                            "disable_api_termination": "false",
                            "ebs_block_device.#": "0",
                            "ebs_optimized": "false",
                            "ephemeral_block_device.#": "0",
                            "get_password_data": "false",
                            "iam_instance_profile": "",
                            "id": "i-08274feec59603b45",
                            "instance_state": "running",
                            "instance_type": "t2.micro",
                            "ipv6_addresses.#": "0",
                            "key_name": "Terraform_Key",
                            "monitoring": "false",
                            "network_interface.#": "0",
                            "network_interface_id": "eni-8db73ab8",
                            "password_data": "",
                            "placement_group": "",
                            "primary_network_interface_id": "eni-8db73ab8",
                            "private_dns": "ip-172-31-24-186.eu-west-1.compute.internal",
                            "private_ip": "172.31.24.186",
                            "public_dns": "ec2-34-241-159-236.eu-west-1.compute.amazonaws.com",
                            "public_ip": "34.241.159.236",
                            "root_block_device.#": "1",
                            "root_block_device.0.delete_on_termination": "true",
                            "root_block_device.0.iops": "100",
                            "root_block_device.0.volume_id": "vol-0c71648bd8d47114b",
                            "root_block_device.0.volume_size": "8",
                            "root_block_device.0.volume_type": "gp2",
                            "security_groups.#": "1",
                            "security_groups.3404154408": "rancher",
                            "source_dest_check": "true",
                            "subnet_id": "subnet-f69d1cbf",
                            "tags.%": "1",
                            "tags.Name": "Rancher",
                            "tenancy": "default",
                            "volume_tags.%": "0",
                            "vpc_security_group_ids.#": "1",
                            "vpc_security_group_ids.747728433": "sg-ca27a1b7"
                        },
                        "meta": {
                            "e2bfb730-ecaa-11e6-8f88-34363bc7c4c0": {
                                "create": 600000000000,
                                "delete": 1200000000000,
                                "update": 600000000000
                            },
                            "schema_version": "1"
                        },
                        "tainted": false
                    },
                    "deposed": [],
                    "provider": "provider.aws"
                },
                "aws_key_pair.auth": {
                    "type": "aws_key_pair",
                    "depends_on": [],
                    "primary": {
                        "id": "Terraform_Key",
                        "attributes": {
                            "id": "Terraform_Key",
                            "key_name": "Terraform_Key",
                            "public_key": "ssh-rsa AAAAB3NzaC1yc2EAAAADAQABAAABAQDTO1x+RSZttJErZMZYuMLVfz2QvMl1CDrAVx4SIOAsuLKMShJR58iVEsQLit36SdUxRMXE7fGqGm5xvhUeUtvZcoxfJu+hss7yUAL75RZvITGHHF9rd2XpFfvyeu0krWtWvJC5qLZE65VreCz71eoMorhY8LciyF07Jw5dAbBa5bk2ur1wkwKSQ6W2NcJ4+kQzfMa98dW5QCfuRfRSY5KFIB19ewZt0eY9FG4TFLyN20skRNU6zi+iOX+CR+yaQs9V0tUdD3qZI7cCvb2hnvuKzST65PcLk3vbnLafOa4NaPYBW8yuVIRX6HgstpdkJgZzcg9ejIY7epl+29dMN3qj adimicoli@adimicoli-Lenovo-G500"
                        },
                        "meta": {
                            "schema_version": "1"
                        },
                        "tainted": false
                    },
                    "deposed": [],
                    "provider": "provider.aws"
                },
                "aws_security_group.default": {
                    "type": "aws_security_group",
                    "depends_on": [],
                    "primary": {
                        "id": "sg-ca27a1b7",
                        "attributes": {
                            "arn": "arn:aws:ec2:eu-west-1:585447711137:security-group/sg-ca27a1b7",
                            "description": "Used in the terraform",
                            "egress.#": "1",
                            "egress.482069346.cidr_blocks.#": "1",
                            "egress.482069346.cidr_blocks.0": "0.0.0.0/0",
                            "egress.482069346.description": "",
                            "egress.482069346.from_port": "0",
                            "egress.482069346.ipv6_cidr_blocks.#": "0",
                            "egress.482069346.prefix_list_ids.#": "0",
                            "egress.482069346.protocol": "-1",
                            "egress.482069346.security_groups.#": "0",
                            "egress.482069346.self": "false",
                            "egress.482069346.to_port": "0",
                            "id": "sg-ca27a1b7",
                            "ingress.#": "9",
                            "ingress.1099394985.cidr_blocks.#": "0",
                            "ingress.1099394985.description": "",
                            "ingress.1099394985.from_port": "2376",
                            "ingress.1099394985.ipv6_cidr_blocks.#": "0",
                            "ingress.1099394985.protocol": "tcp",
                            "ingress.1099394985.security_groups.#": "0",
                            "ingress.1099394985.self": "true",
                            "ingress.1099394985.to_port": "2376",
                            "ingress.1600166723.cidr_blocks.#": "0",
                            "ingress.1600166723.description": "",
                            "ingress.1600166723.from_port": "3306",
                            "ingress.1600166723.ipv6_cidr_blocks.#": "0",
                            "ingress.1600166723.protocol": "tcp",
                            "ingress.1600166723.security_groups.#": "0",
                            "ingress.1600166723.self": "true",
                            "ingress.1600166723.to_port": "3306",
                            "ingress.2214680975.cidr_blocks.#": "1",
                            "ingress.2214680975.cidr_blocks.0": "0.0.0.0/0",
                            "ingress.2214680975.description": "",
                            "ingress.2214680975.from_port": "80",
                            "ingress.2214680975.ipv6_cidr_blocks.#": "0",
                            "ingress.2214680975.protocol": "tcp",
                            "ingress.2214680975.security_groups.#": "0",
                            "ingress.2214680975.self": "false",
                            "ingress.2214680975.to_port": "80",
                            "ingress.2541437006.cidr_blocks.#": "1",
                            "ingress.2541437006.cidr_blocks.0": "0.0.0.0/0",
                            "ingress.2541437006.description": "",
                            "ingress.2541437006.from_port": "22",
                            "ingress.2541437006.ipv6_cidr_blocks.#": "0",
                            "ingress.2541437006.protocol": "tcp",
                            "ingress.2541437006.security_groups.#": "0",
                            "ingress.2541437006.self": "false",
                            "ingress.2541437006.to_port": "22",
                            "ingress.2651317642.cidr_blocks.#": "1",
                            "ingress.2651317642.cidr_blocks.0": "0.0.0.0/0",
                            "ingress.2651317642.description": "",
                            "ingress.2651317642.from_port": "500",
                            "ingress.2651317642.ipv6_cidr_blocks.#": "0",
                            "ingress.2651317642.protocol": "udp",
                            "ingress.2651317642.security_groups.#": "0",
                            "ingress.2651317642.self": "false",
                            "ingress.2651317642.to_port": "500",
                            "ingress.3067810025.cidr_blocks.#": "0",
                            "ingress.3067810025.description": "",
                            "ingress.3067810025.from_port": "8080",
                            "ingress.3067810025.ipv6_cidr_blocks.#": "0",
                            "ingress.3067810025.protocol": "tcp",
                            "ingress.3067810025.security_groups.#": "0",
                            "ingress.3067810025.self": "true",
                            "ingress.3067810025.to_port": "8080",
                            "ingress.3068409405.cidr_blocks.#": "1",
                            "ingress.3068409405.cidr_blocks.0": "0.0.0.0/0",
                            "ingress.3068409405.description": "",
                            "ingress.3068409405.from_port": "8",
                            "ingress.3068409405.ipv6_cidr_blocks.#": "0",
                            "ingress.3068409405.protocol": "icmp",
                            "ingress.3068409405.security_groups.#": "0",
                            "ingress.3068409405.self": "false",
                            "ingress.3068409405.to_port": "0",
                            "ingress.4269942136.cidr_blocks.#": "1",
                            "ingress.4269942136.cidr_blocks.0": "0.0.0.0/0",
                            "ingress.4269942136.description": "",
                            "ingress.4269942136.from_port": "4500",
                            "ingress.4269942136.ipv6_cidr_blocks.#": "0",
                            "ingress.4269942136.protocol": "udp",
                            "ingress.4269942136.security_groups.#": "0",
                            "ingress.4269942136.self": "false",
                            "ingress.4269942136.to_port": "4500",
                            "ingress.812029167.cidr_blocks.#": "0",
                            "ingress.812029167.description": "",
                            "ingress.812029167.from_port": "9345",
                            "ingress.812029167.ipv6_cidr_blocks.#": "0",
                            "ingress.812029167.protocol": "tcp",
                            "ingress.812029167.security_groups.#": "0",
                            "ingress.812029167.self": "true",
                            "ingress.812029167.to_port": "9345",
                            "name": "rancher",
                            "owner_id": "585447711137",
                            "revoke_rules_on_delete": "false",
                            "tags.%": "0",
                            "vpc_id": "vpc-05d05662"
                        },
                        "meta": {
                            "e2bfb730-ecaa-11e6-8f88-34363bc7c4c0": {
                                "create": 600000000000,
                                "delete": 600000000000
                            },
                            "schema_version": "1"
                        },
                        "tainted": false
                    },
                    "deposed": [],
                    "provider": "provider.aws"
                }
            },
            "depends_on": []
        }
    ]
}
